// !$*UTF8*$!
{
	archiveVersion = 1;
	classes = {
	};
	objectVersion = 52;
	objects = {

/* Begin PBXBuildFile section */
		CEA04DDB26501E9D00D4023E /* SwiftDGC in Frameworks */ = {isa = PBXBuildFile; productRef = CEA04DDA26501E9D00D4023E /* SwiftDGC */; };
		CEBAB369265065BF00572436 /* Localizable.strings in Resources */ = {isa = PBXBuildFile; fileRef = CEBAB367265065BF00572436 /* Localizable.strings */; };
		CEBAB36A265065BF00572436 /* Localizable.strings in Resources */ = {isa = PBXBuildFile; fileRef = CEBAB367265065BF00572436 /* Localizable.strings */; };
		CEF57ED4265011D80026E647 /* project_for_testing.framework in Frameworks */ = {isa = PBXBuildFile; fileRef = CEF57ECA265011D80026E647 /* project_for_testing.framework */; };
		CEF57EDB265011D80026E647 /* project_for_testing.h in Headers */ = {isa = PBXBuildFile; fileRef = CEF57ECD265011D80026E647 /* project_for_testing.h */; settings = {ATTRIBUTES = (Public, ); }; };
		CEF57EEA265013670026E647 /* dgc-testdata in Resources */ = {isa = PBXBuildFile; fileRef = CEF57EE8265013670026E647 /* dgc-testdata */; };
		CEF57EEB265013670026E647 /* SwiftDGCTests.swift in Sources */ = {isa = PBXBuildFile; fileRef = CEF57EE9265013670026E647 /* SwiftDGCTests.swift */; };
		CEF57EEC265013B60026E647 /* dgc-testdata in Resources */ = {isa = PBXBuildFile; fileRef = CEF57EE8265013670026E647 /* dgc-testdata */; };
/* End PBXBuildFile section */

/* Begin PBXContainerItemProxy section */
		CEF57ED5265011D80026E647 /* PBXContainerItemProxy */ = {
			isa = PBXContainerItemProxy;
			containerPortal = CEF57EC1265011D80026E647 /* Project object */;
			proxyType = 1;
			remoteGlobalIDString = CEF57EC9265011D80026E647;
			remoteInfo = "project-for-testing";
		};
/* End PBXContainerItemProxy section */

/* Begin PBXFileReference section */
		CEBAB368265065BF00572436 /* en */ = {isa = PBXFileReference; lastKnownFileType = text.plist.strings; name = en; path = ../../Sources/SupportingFiles/en.lproj/Localizable.strings; sourceTree = "<group>"; };
		CEF3B0A126501DDB0059497A /* SwiftDGC */ = {isa = PBXFileReference; lastKnownFileType = folder; name = SwiftDGC; path = "../../dgca-app-core-ios"; sourceTree = "<group>"; };
		CEF57ECA265011D80026E647 /* project_for_testing.framework */ = {isa = PBXFileReference; explicitFileType = wrapper.framework; includeInIndex = 0; path = project_for_testing.framework; sourceTree = BUILT_PRODUCTS_DIR; };
		CEF57ECD265011D80026E647 /* project_for_testing.h */ = {isa = PBXFileReference; lastKnownFileType = sourcecode.c.h; path = project_for_testing.h; sourceTree = "<group>"; };
		CEF57ECE265011D80026E647 /* Info.plist */ = {isa = PBXFileReference; lastKnownFileType = text.plist.xml; path = Info.plist; sourceTree = "<group>"; };
		CEF57ED3265011D80026E647 /* project-for-testingTests.xctest */ = {isa = PBXFileReference; explicitFileType = wrapper.cfbundle; includeInIndex = 0; path = "project-for-testingTests.xctest"; sourceTree = BUILT_PRODUCTS_DIR; };
		CEF57EDA265011D80026E647 /* Info.plist */ = {isa = PBXFileReference; lastKnownFileType = text.plist.xml; path = Info.plist; sourceTree = "<group>"; };
		CEF57EE8265013670026E647 /* dgc-testdata */ = {isa = PBXFileReference; lastKnownFileType = folder; name = "dgc-testdata"; path = "../../Tests/SwiftDGCTests/dgc-testdata"; sourceTree = "<group>"; };
		CEF57EE9265013670026E647 /* SwiftDGCTests.swift */ = {isa = PBXFileReference; fileEncoding = 4; lastKnownFileType = sourcecode.swift; name = SwiftDGCTests.swift; path = ../../Tests/SwiftDGCTests/SwiftDGCTests.swift; sourceTree = "<group>"; };
/* End PBXFileReference section */

/* Begin PBXFrameworksBuildPhase section */
		CEF57EC7265011D80026E647 /* Frameworks */ = {
			isa = PBXFrameworksBuildPhase;
			buildActionMask = 2147483647;
			files = (
				CEA04DDB26501E9D00D4023E /* SwiftDGC in Frameworks */,
			);
			runOnlyForDeploymentPostprocessing = 0;
		};
		CEF57ED0265011D80026E647 /* Frameworks */ = {
			isa = PBXFrameworksBuildPhase;
			buildActionMask = 2147483647;
			files = (
				CEF57ED4265011D80026E647 /* project_for_testing.framework in Frameworks */,
			);
			runOnlyForDeploymentPostprocessing = 0;
		};
/* End PBXFrameworksBuildPhase section */

/* Begin PBXGroup section */
		CEF57EC0265011D80026E647 = {
			isa = PBXGroup;
			children = (
				CEF3B0A126501DDB0059497A /* SwiftDGC */,
				CEF57ECC265011D80026E647 /* project-for-testing */,
				CEF57ED7265011D80026E647 /* project-for-testingTests */,
				CEF57ECB265011D80026E647 /* Products */,
				CEF57EE4265011FB0026E647 /* Frameworks */,
			);
			sourceTree = "<group>";
		};
		CEF57ECB265011D80026E647 /* Products */ = {
			isa = PBXGroup;
			children = (
				CEF57ECA265011D80026E647 /* project_for_testing.framework */,
				CEF57ED3265011D80026E647 /* project-for-testingTests.xctest */,
			);
			name = Products;
			sourceTree = "<group>";
		};
		CEF57ECC265011D80026E647 /* project-for-testing */ = {
			isa = PBXGroup;
			children = (
				CEF57ECD265011D80026E647 /* project_for_testing.h */,
				CEF57ECE265011D80026E647 /* Info.plist */,
				CEBAB367265065BF00572436 /* Localizable.strings */,
			);
			path = "project-for-testing";
			sourceTree = "<group>";
		};
		CEF57ED7265011D80026E647 /* project-for-testingTests */ = {
			isa = PBXGroup;
			children = (
				CEF57EE8265013670026E647 /* dgc-testdata */,
				CEF57EE9265013670026E647 /* SwiftDGCTests.swift */,
				CEF57EDA265011D80026E647 /* Info.plist */,
			);
			path = "project-for-testingTests";
			sourceTree = "<group>";
		};
		CEF57EE4265011FB0026E647 /* Frameworks */ = {
			isa = PBXGroup;
			children = (
			);
			name = Frameworks;
			sourceTree = "<group>";
		};
/* End PBXGroup section */

/* Begin PBXHeadersBuildPhase section */
		CEF57EC5265011D80026E647 /* Headers */ = {
			isa = PBXHeadersBuildPhase;
			buildActionMask = 2147483647;
			files = (
				CEF57EDB265011D80026E647 /* project_for_testing.h in Headers */,
			);
			runOnlyForDeploymentPostprocessing = 0;
		};
/* End PBXHeadersBuildPhase section */

/* Begin PBXNativeTarget section */
		CEF57EC9265011D80026E647 /* project-for-testing */ = {
			isa = PBXNativeTarget;
			buildConfigurationList = CEF57EDE265011D80026E647 /* Build configuration list for PBXNativeTarget "project-for-testing" */;
			buildPhases = (
				CEF57EC5265011D80026E647 /* Headers */,
				CEF57EC6265011D80026E647 /* Sources */,
				CEF57EC7265011D80026E647 /* Frameworks */,
				CEF57EC8265011D80026E647 /* Resources */,
			);
			buildRules = (
			);
			dependencies = (
			);
			name = "project-for-testing";
			packageProductDependencies = (
				CEA04DDA26501E9D00D4023E /* SwiftDGC */,
			);
			productName = "project-for-testing";
			productReference = CEF57ECA265011D80026E647 /* project_for_testing.framework */;
			productType = "com.apple.product-type.framework";
		};
		CEF57ED2265011D80026E647 /* project-for-testingTests */ = {
			isa = PBXNativeTarget;
			buildConfigurationList = CEF57EE1265011D80026E647 /* Build configuration list for PBXNativeTarget "project-for-testingTests" */;
			buildPhases = (
				CEF57ECF265011D80026E647 /* Sources */,
				CEF57ED0265011D80026E647 /* Frameworks */,
				CEF57ED1265011D80026E647 /* Resources */,
			);
			buildRules = (
			);
			dependencies = (
				CEF57ED6265011D80026E647 /* PBXTargetDependency */,
			);
			name = "project-for-testingTests";
			productName = "project-for-testingTests";
			productReference = CEF57ED3265011D80026E647 /* project-for-testingTests.xctest */;
			productType = "com.apple.product-type.bundle.unit-test";
		};
/* End PBXNativeTarget section */

/* Begin PBXProject section */
		CEF57EC1265011D80026E647 /* Project object */ = {
			isa = PBXProject;
			attributes = {
				LastSwiftUpdateCheck = 1250;
				LastUpgradeCheck = 1250;
				TargetAttributes = {
					CEF57EC9265011D80026E647 = {
						CreatedOnToolsVersion = 12.5;
					};
					CEF57ED2265011D80026E647 = {
						CreatedOnToolsVersion = 12.5;
					};
				};
			};
			buildConfigurationList = CEF57EC4265011D80026E647 /* Build configuration list for PBXProject "project-for-testing" */;
			compatibilityVersion = "Xcode 9.3";
			developmentRegion = en;
			hasScannedForEncodings = 0;
			knownRegions = (
				en,
				Base,
			);
			mainGroup = CEF57EC0265011D80026E647;
			productRefGroup = CEF57ECB265011D80026E647 /* Products */;
			projectDirPath = "";
			projectRoot = "";
			targets = (
				CEF57EC9265011D80026E647 /* project-for-testing */,
				CEF57ED2265011D80026E647 /* project-for-testingTests */,
			);
		};
/* End PBXProject section */

/* Begin PBXResourcesBuildPhase section */
		CEF57EC8265011D80026E647 /* Resources */ = {
			isa = PBXResourcesBuildPhase;
			buildActionMask = 2147483647;
			files = (
				CEF57EEC265013B60026E647 /* dgc-testdata in Resources */,
				CEBAB369265065BF00572436 /* Localizable.strings in Resources */,
			);
			runOnlyForDeploymentPostprocessing = 0;
		};
		CEF57ED1265011D80026E647 /* Resources */ = {
			isa = PBXResourcesBuildPhase;
			buildActionMask = 2147483647;
			files = (
				CEF57EEA265013670026E647 /* dgc-testdata in Resources */,
				CEBAB36A265065BF00572436 /* Localizable.strings in Resources */,
			);
			runOnlyForDeploymentPostprocessing = 0;
		};
/* End PBXResourcesBuildPhase section */

/* Begin PBXSourcesBuildPhase section */
		CEF57EC6265011D80026E647 /* Sources */ = {
			isa = PBXSourcesBuildPhase;
			buildActionMask = 2147483647;
			files = (
			);
			runOnlyForDeploymentPostprocessing = 0;
		};
		CEF57ECF265011D80026E647 /* Sources */ = {
			isa = PBXSourcesBuildPhase;
			buildActionMask = 2147483647;
			files = (
				CEF57EEB265013670026E647 /* SwiftDGCTests.swift in Sources */,
			);
			runOnlyForDeploymentPostprocessing = 0;
		};
/* End PBXSourcesBuildPhase section */

/* Begin PBXTargetDependency section */
		CEF57ED6265011D80026E647 /* PBXTargetDependency */ = {
			isa = PBXTargetDependency;
			target = CEF57EC9265011D80026E647 /* project-for-testing */;
			targetProxy = CEF57ED5265011D80026E647 /* PBXContainerItemProxy */;
		};
/* End PBXTargetDependency section */

/* Begin PBXVariantGroup section */
		CEBAB367265065BF00572436 /* Localizable.strings */ = {
			isa = PBXVariantGroup;
			children = (
				CEBAB368265065BF00572436 /* en */,
			);
			name = Localizable.strings;
			sourceTree = "<group>";
		};
/* End PBXVariantGroup section */

/* Begin XCBuildConfiguration section */
		CEF57EDC265011D80026E647 /* Debug */ = {
			isa = XCBuildConfiguration;
			buildSettings = {
				ALWAYS_SEARCH_USER_PATHS = NO;
				CLANG_ANALYZER_NONNULL = YES;
				CLANG_ANALYZER_NUMBER_OBJECT_CONVERSION = YES_AGGRESSIVE;
				CLANG_CXX_LANGUAGE_STANDARD = "gnu++14";
				CLANG_CXX_LIBRARY = "libc++";
				CLANG_ENABLE_MODULES = YES;
				CLANG_ENABLE_OBJC_ARC = YES;
				CLANG_ENABLE_OBJC_WEAK = YES;
				CLANG_WARN_BLOCK_CAPTURE_AUTORELEASING = YES;
				CLANG_WARN_BOOL_CONVERSION = YES;
				CLANG_WARN_COMMA = YES;
				CLANG_WARN_CONSTANT_CONVERSION = YES;
				CLANG_WARN_DEPRECATED_OBJC_IMPLEMENTATIONS = YES;
				CLANG_WARN_DIRECT_OBJC_ISA_USAGE = YES_ERROR;
				CLANG_WARN_DOCUMENTATION_COMMENTS = YES;
				CLANG_WARN_EMPTY_BODY = YES;
				CLANG_WARN_ENUM_CONVERSION = YES;
				CLANG_WARN_INFINITE_RECURSION = YES;
				CLANG_WARN_INT_CONVERSION = YES;
				CLANG_WARN_NON_LITERAL_NULL_CONVERSION = YES;
				CLANG_WARN_OBJC_IMPLICIT_RETAIN_SELF = YES;
				CLANG_WARN_OBJC_LITERAL_CONVERSION = YES;
				CLANG_WARN_OBJC_ROOT_CLASS = YES_ERROR;
				CLANG_WARN_QUOTED_INCLUDE_IN_FRAMEWORK_HEADER = YES;
				CLANG_WARN_RANGE_LOOP_ANALYSIS = YES;
				CLANG_WARN_STRICT_PROTOTYPES = YES;
				CLANG_WARN_SUSPICIOUS_MOVE = YES;
				CLANG_WARN_UNGUARDED_AVAILABILITY = YES_AGGRESSIVE;
				CLANG_WARN_UNREACHABLE_CODE = YES;
				CLANG_WARN__DUPLICATE_METHOD_MATCH = YES;
				COPY_PHASE_STRIP = NO;
				CURRENT_PROJECT_VERSION = 1;
				DEBUG_INFORMATION_FORMAT = dwarf;
				ENABLE_STRICT_OBJC_MSGSEND = YES;
				ENABLE_TESTABILITY = YES;
				GCC_C_LANGUAGE_STANDARD = gnu11;
				GCC_DYNAMIC_NO_PIC = NO;
				GCC_NO_COMMON_BLOCKS = YES;
				GCC_OPTIMIZATION_LEVEL = 0;
				GCC_PREPROCESSOR_DEFINITIONS = (
					"DEBUG=1",
					"$(inherited)",
				);
				GCC_WARN_64_TO_32_BIT_CONVERSION = YES;
				GCC_WARN_ABOUT_RETURN_TYPE = YES_ERROR;
				GCC_WARN_UNDECLARED_SELECTOR = YES;
				GCC_WARN_UNINITIALIZED_AUTOS = YES_AGGRESSIVE;
				GCC_WARN_UNUSED_FUNCTION = YES;
				GCC_WARN_UNUSED_VARIABLE = YES;
				MACOSX_DEPLOYMENT_TARGET = 11.0;
				MTL_ENABLE_DEBUG_INFO = INCLUDE_SOURCE;
				MTL_FAST_MATH = YES;
				ONLY_ACTIVE_ARCH = YES;
				SDKROOT = macosx;
				SWIFT_ACTIVE_COMPILATION_CONDITIONS = DEBUG;
				SWIFT_OPTIMIZATION_LEVEL = "-Onone";
				VERSIONING_SYSTEM = "apple-generic";
				VERSION_INFO_PREFIX = "";
			};
			name = Debug;
		};
		CEF57EDD265011D80026E647 /* Release */ = {
			isa = XCBuildConfiguration;
			buildSettings = {
				ALWAYS_SEARCH_USER_PATHS = NO;
				CLANG_ANALYZER_NONNULL = YES;
				CLANG_ANALYZER_NUMBER_OBJECT_CONVERSION = YES_AGGRESSIVE;
				CLANG_CXX_LANGUAGE_STANDARD = "gnu++14";
				CLANG_CXX_LIBRARY = "libc++";
				CLANG_ENABLE_MODULES = YES;
				CLANG_ENABLE_OBJC_ARC = YES;
				CLANG_ENABLE_OBJC_WEAK = YES;
				CLANG_WARN_BLOCK_CAPTURE_AUTORELEASING = YES;
				CLANG_WARN_BOOL_CONVERSION = YES;
				CLANG_WARN_COMMA = YES;
				CLANG_WARN_CONSTANT_CONVERSION = YES;
				CLANG_WARN_DEPRECATED_OBJC_IMPLEMENTATIONS = YES;
				CLANG_WARN_DIRECT_OBJC_ISA_USAGE = YES_ERROR;
				CLANG_WARN_DOCUMENTATION_COMMENTS = YES;
				CLANG_WARN_EMPTY_BODY = YES;
				CLANG_WARN_ENUM_CONVERSION = YES;
				CLANG_WARN_INFINITE_RECURSION = YES;
				CLANG_WARN_INT_CONVERSION = YES;
				CLANG_WARN_NON_LITERAL_NULL_CONVERSION = YES;
				CLANG_WARN_OBJC_IMPLICIT_RETAIN_SELF = YES;
				CLANG_WARN_OBJC_LITERAL_CONVERSION = YES;
				CLANG_WARN_OBJC_ROOT_CLASS = YES_ERROR;
				CLANG_WARN_QUOTED_INCLUDE_IN_FRAMEWORK_HEADER = YES;
				CLANG_WARN_RANGE_LOOP_ANALYSIS = YES;
				CLANG_WARN_STRICT_PROTOTYPES = YES;
				CLANG_WARN_SUSPICIOUS_MOVE = YES;
				CLANG_WARN_UNGUARDED_AVAILABILITY = YES_AGGRESSIVE;
				CLANG_WARN_UNREACHABLE_CODE = YES;
				CLANG_WARN__DUPLICATE_METHOD_MATCH = YES;
				COPY_PHASE_STRIP = NO;
				CURRENT_PROJECT_VERSION = 1;
				DEBUG_INFORMATION_FORMAT = "dwarf-with-dsym";
				ENABLE_NS_ASSERTIONS = NO;
				ENABLE_STRICT_OBJC_MSGSEND = YES;
				GCC_C_LANGUAGE_STANDARD = gnu11;
				GCC_NO_COMMON_BLOCKS = YES;
				GCC_WARN_64_TO_32_BIT_CONVERSION = YES;
				GCC_WARN_ABOUT_RETURN_TYPE = YES_ERROR;
				GCC_WARN_UNDECLARED_SELECTOR = YES;
				GCC_WARN_UNINITIALIZED_AUTOS = YES_AGGRESSIVE;
				GCC_WARN_UNUSED_FUNCTION = YES;
				GCC_WARN_UNUSED_VARIABLE = YES;
				MACOSX_DEPLOYMENT_TARGET = 11.0;
				MTL_ENABLE_DEBUG_INFO = NO;
				MTL_FAST_MATH = YES;
				SDKROOT = macosx;
				SWIFT_COMPILATION_MODE = wholemodule;
				SWIFT_OPTIMIZATION_LEVEL = "-O";
				VERSIONING_SYSTEM = "apple-generic";
				VERSION_INFO_PREFIX = "";
			};
			name = Release;
		};
		CEF57EDF265011D80026E647 /* Debug */ = {
			isa = XCBuildConfiguration;
			buildSettings = {
				CODE_SIGN_STYLE = Automatic;
				COMBINE_HIDPI_IMAGES = YES;
				DEFINES_MODULE = YES;
				DEVELOPMENT_TEAM = KH99XNF745;
				DYLIB_COMPATIBILITY_VERSION = 1;
				DYLIB_CURRENT_VERSION = 1;
				DYLIB_INSTALL_NAME_BASE = "@rpath";
				INFOPLIST_FILE = "project-for-testing/Info.plist";
				INSTALL_PATH = "$(LOCAL_LIBRARY_DIR)/Frameworks";
				LD_RUNPATH_SEARCH_PATHS = (
					"$(inherited)",
					"@executable_path/../Frameworks",
					"@loader_path/Frameworks",
				);
				PRODUCT_BUNDLE_IDENTIFIER = "com.t-systems.dgca-ios-core.test.dev";
				PRODUCT_NAME = "$(TARGET_NAME:c99extidentifier)";
				SKIP_INSTALL = YES;
				SWIFT_VERSION = 5.0;
			};
			name = Debug;
		};
		CEF57EE0265011D80026E647 /* Release */ = {
			isa = XCBuildConfiguration;
			buildSettings = {
				CODE_SIGN_STYLE = Automatic;
				COMBINE_HIDPI_IMAGES = YES;
				DEFINES_MODULE = YES;
				DEVELOPMENT_TEAM = KH99XNF745;
				DYLIB_COMPATIBILITY_VERSION = 1;
				DYLIB_CURRENT_VERSION = 1;
				DYLIB_INSTALL_NAME_BASE = "@rpath";
				INFOPLIST_FILE = "project-for-testing/Info.plist";
				INSTALL_PATH = "$(LOCAL_LIBRARY_DIR)/Frameworks";
				LD_RUNPATH_SEARCH_PATHS = (
					"$(inherited)",
					"@executable_path/../Frameworks",
					"@loader_path/Frameworks",
				);
				PRODUCT_BUNDLE_IDENTIFIER = "com.t-systems.dgca-ios-core.test.dev";
				PRODUCT_NAME = "$(TARGET_NAME:c99extidentifier)";
				SKIP_INSTALL = YES;
				SWIFT_VERSION = 5.0;
			};
			name = Release;
		};
		CEF57EE2265011D80026E647 /* Debug */ = {
			isa = XCBuildConfiguration;
			buildSettings = {
				CODE_SIGN_STYLE = Automatic;
				COMBINE_HIDPI_IMAGES = YES;
				DEVELOPMENT_TEAM = KH99XNF745;
				INFOPLIST_FILE = "project-for-testingTests/Info.plist";
				LD_RUNPATH_SEARCH_PATHS = (
					"$(inherited)",
					"@executable_path/../Frameworks",
					"@loader_path/../Frameworks",
				);
				PRODUCT_BUNDLE_IDENTIFIER = "com.t-systems.dgca-ios-core.project-for-testingTests";
				PRODUCT_NAME = "$(TARGET_NAME)";
				SWIFT_VERSION = 5.0;
			};
			name = Debug;
		};
		CEF57EE3265011D80026E647 /* Release */ = {
			isa = XCBuildConfiguration;
			buildSettings = {
				CODE_SIGN_STYLE = Automatic;
				COMBINE_HIDPI_IMAGES = YES;
				DEVELOPMENT_TEAM = KH99XNF745;
				INFOPLIST_FILE = "project-for-testingTests/Info.plist";
				LD_RUNPATH_SEARCH_PATHS = (
					"$(inherited)",
					"@executable_path/../Frameworks",
					"@loader_path/../Frameworks",
				);
				PRODUCT_BUNDLE_IDENTIFIER = "com.t-systems.dgca-ios-core.project-for-testingTests";
				PRODUCT_NAME = "$(TARGET_NAME)";
				SWIFT_VERSION = 5.0;
			};
			name = Release;
		};
/* End XCBuildConfiguration section */

/* Begin XCConfigurationList section */
		CEF57EC4265011D80026E647 /* Build configuration list for PBXProject "project-for-testing" */ = {
			isa = XCConfigurationList;
			buildConfigurations = (
				CEF57EDC265011D80026E647 /* Debug */,
				CEF57EDD265011D80026E647 /* Release */,
			);
			defaultConfigurationIsVisible = 0;
			defaultConfigurationName = Release;
		};
		CEF57EDE265011D80026E647 /* Build configuration list for PBXNativeTarget "project-for-testing" */ = {
			isa = XCConfigurationList;
			buildConfigurations = (
				CEF57EDF265011D80026E647 /* Debug */,
				CEF57EE0265011D80026E647 /* Release */,
			);
			defaultConfigurationIsVisible = 0;
			defaultConfigurationName = Release;
		};
		CEF57EE1265011D80026E647 /* Build configuration list for PBXNativeTarget "project-for-testingTests" */ = {
			isa = XCConfigurationList;
			buildConfigurations = (
				CEF57EE2265011D80026E647 /* Debug */,
				CEF57EE3265011D80026E647 /* Release */,
			);
			defaultConfigurationIsVisible = 0;
			defaultConfigurationName = Release;
		};
/* End XCConfigurationList section */

/* Begin XCSwiftPackageProductDependency section */
		CEA04DDA26501E9D00D4023E /* SwiftDGC */ = {
			isa = XCSwiftPackageProductDependency;
			productName = SwiftDGC;
		};
/* End XCSwiftPackageProductDependency section */
	};
	rootObject = CEF57EC1265011D80026E647 /* Project object */;
}
